{
  "originHash" : "7c875a04ca2f3e6a04076ac6f3593cb6a9447fbb0b450c91506ecb2c1a97ab24",
  "pins" : [
    {
      "identity" : "hotswiftui",
      "kind" : "remoteSourceControl",
      "location" : "https://github.com/johnno1962/HotSwiftUI",
      "state" : {
        "revision" : "868e889cf8d79e1641bdd9bc3816d0a245a145bc",
        "version" : "1.2.5"
      }
    },
    {
      "identity" : "injectionnext",
      "kind" : "remoteSourceControl",
      "location" : "https://github.com/johnno1962/InjectionNext",
      "state" : {
        "revision" : "216435c0c45abd90ee7e81e1d028812aaf8cbc70",
        "version" : "2.0.0"
      }
    },
    {
      "identity" : "zoomable",
      "kind" : "remoteSourceControl",
      "location" : "https://github.com/ryohey/Zoomable",
      "state" : {
        "branch" : "main",
        "revision" : "27463744a1c82e550959703153bd6f3c62fef906"
      }
    }
  ],
  "version" : 3
}
