// !$*UTF8*$!
{
	archiveVersion = 1;
	classes = {
	};
	objectVersion = 77;
	objects = {

/* Begin PBXBuildFile section */
		2C0D2AF32FC8BBAC008ABD22 /* SnakWatch.app in Embed Watch Content */ = {isa = PBXBuildFile; fileRef = 2CD019CA2FC862F800E807FC /* SnakWatch.app */; settings = {ATTRIBUTES = (RemoveHeadersOnCopy, ); }; };
		2CBD22A92FC8847B0051190D /* HotSwiftUI in Frameworks */ = {isa = PBXBuildFile; productRef = 2CBD22A82FC8847B0051190D /* HotSwiftUI */; };
		2CBD22AB2FC8847B0051190D /* InjectionNext in Frameworks */ = {isa = PBXBuildFile; productRef = 2CBD22AA2FC8847B0051190D /* InjectionNext */; };
		2CBD22AD2FC8973F0051190D /* HotSwiftUI in Frameworks */ = {isa = PBXBuildFile; productRef = 2CBD22AC2FC8973F0051190D /* HotSwiftUI */; };
		2CBD22AF2FC8973F0051190D /* InjectionNext in Frameworks */ = {isa = PBXBuildFile; productRef = 2CBD22AE2FC8973F0051190D /* InjectionNext */; };
/* End PBXBuildFile section */

/* Begin PBXCopyFilesBuildPhase section */
		2CD019D82FC862FA00E807FC /* Embed Watch Content */ = {
			isa = PBXCopyFilesBuildPhase;
			buildActionMask = 8;
			dstPath = "$(CONTENTS_FOLDER_PATH)/Watch";
			dstSubfolderSpec = 16;
			files = (
				2C0D2AF32FC8BBAC008ABD22 /* SnakWatch.app in Embed Watch Content */,
			);
			name = "Embed Watch Content";
			runOnlyForDeploymentPostprocessing = 1;
		};
/* End PBXCopyFilesBuildPhase section */

/* Begin PBXFileReference section */
		2CD019CA2FC862F800E807FC /* SnakWatch.app */ = {isa = PBXFileReference; explicitFileType = wrapper.application; includeInIndex = 0; path = SnakWatch.app; sourceTree = BUILT_PRODUCTS_DIR; };
		2CD6AF0D2FC77A5500406EDF /* Snak.app */ = {isa = PBXFileReference; explicitFileType = wrapper.application; includeInIndex = 0; path = Snak.app; sourceTree = BUILT_PRODUCTS_DIR; };
/* End PBXFileReference section */

/* Begin PBXFileSystemSynchronizedBuildFileExceptionSet section */
		2C04E14E2FC8691A009E4CA3 /* Exceptions for "Snak" folder in "SnakWatch" target */ = {
			isa = PBXFileSystemSynchronizedBuildFileExceptionSet;
			membershipExceptions = (
				Assets.xcassets,
				Core/DiscoveryFeed.swift,
				Core/Entity.swift,
				Core/HistoryManager.swift,
				Core/Network/SimilarItems.swift,
				Core/Network/WikidataClient.swift,
				Core/Network/WikidataResponse.swift,
				Core/Network/WikidataService.swift,
				Core/PaginatedList.swift,
				Localizable.xcstrings,
				SnakApp.swift,
				UI/Components/EntityTypeCapsule.swift,
				UI/Components/LoadingView.swift,
				UI/Components/PaginatedListView.swift,
				UI/Components/SearchResultRow.swift,
				"UI/Extensions/CGFloat+Spacing.swift",
				"UI/Extensions/EnvironmentValues+Navigate.swift",
				"UI/Extensions/NavigationPath+Persistence.swift",
				"UI/Extensions/WikidataType+Color.swift",
				"UI/Extensions/WikidataValue+UI.swift",
				UI/Screens/DetailView.swift,
				UI/Screens/FetchRandomItemButton.swift,
				UI/Screens/MainView.swift,
				UI/Screens/RecentlyVisitedCard.swift,
				UI/Screens/SearchBar.swift,
				UI/Screens/SimilarItemsView.swift,
			);
			target = 2CD019C92FC862F700E807FC /* SnakWatch */;
		};
/* End PBXFileSystemSynchronizedBuildFileExceptionSet section */

/* Begin PBXFileSystemSynchronizedRootGroup section */
		2CD6AF0F2FC77A5500406EDF /* Snak */ = {
			isa = PBXFileSystemSynchronizedRootGroup;
			exceptions = (
				2C04E14E2FC8691A009E4CA3 /* Exceptions for "Snak" folder in "SnakWatch" target */,
			);
			path = Snak;
			sourceTree = "<group>";
		};
/* End PBXFileSystemSynchronizedRootGroup section */

/* Begin PBXFrameworksBuildPhase section */
		2CD019C72FC862F700E807FC /* Frameworks */ = {
			isa = PBXFrameworksBuildPhase;
			buildActionMask = 2147483647;
			files = (
				2CBD22AD2FC8973F0051190D /* HotSwiftUI in Frameworks */,
				2CBD22AF2FC8973F0051190D /* InjectionNext in Frameworks */,
			);
			runOnlyForDeploymentPostprocessing = 0;
		};
		2CD6AF0A2FC77A5500406EDF /* Frameworks */ = {
			isa = PBXFrameworksBuildPhase;
			buildActionMask = 2147483647;
			files = (
				2CBD22A92FC8847B0051190D /* HotSwiftUI in Frameworks */,
				2CBD22AB2FC8847B0051190D /* InjectionNext in Frameworks */,
			);
			runOnlyForDeploymentPostprocessing = 0;
		};
/* End PBXFrameworksBuildPhase section */

/* Begin PBXGroup section */
		2CBD22A72FC8847B0051190D /* Frameworks */ = {
			isa = PBXGroup;
			children = (
			);
			name = Frameworks;
			sourceTree = "<group>";
		};
		2CD6AF042FC77A5500406EDF = {
			isa = PBXGroup;
			children = (
				2CD6AF0F2FC77A5500406EDF /* Snak */,
				2CBD22A72FC8847B0051190D /* Frameworks */,
				2CD6AF0E2FC77A5500406EDF /* Products */,
			);
			sourceTree = "<group>";
		};
		2CD6AF0E2FC77A5500406EDF /* Products */ = {
			isa = PBXGroup;
			children = (
				2CD6AF0D2FC77A5500406EDF /* Snak.app */,
				2CD019CA2FC862F800E807FC /* SnakWatch.app */,
			);
			name = Products;
			sourceTree = "<group>";
		};
/* End PBXGroup section */

/* Begin PBXNativeTarget section */
		2CD019C92FC862F700E807FC /* SnakWatch */ = {
			isa = PBXNativeTarget;
			buildConfigurationList = 2CD019D52FC862FA00E807FC /* Build configuration list for PBXNativeTarget "SnakWatch" */;
			buildPhases = (
				2CD019C62FC862F700E807FC /* Sources */,
				2CD019C72FC862F700E807FC /* Frameworks */,
				2CD019C82FC862F700E807FC /* Resources */,
			);
			buildRules = (
			);
			dependencies = (
			);
			name = SnakWatch;
			packageProductDependencies = (
				2CBD22AC2FC8973F0051190D /* HotSwiftUI */,
				2CBD22AE2FC8973F0051190D /* InjectionNext */,
			);
			productName = "SnakWatch Watch App";
			productReference = 2CD019CA2FC862F800E807FC /* SnakWatch.app */;
			productType = "com.apple.product-type.application";
		};
		2CD6AF0C2FC77A5500406EDF /* Snak */ = {
			isa = PBXNativeTarget;
			buildConfigurationList = 2CD6AF182FC77A5800406EDF /* Build configuration list for PBXNativeTarget "Snak" */;
			buildPhases = (
				2CD6AF092FC77A5500406EDF /* Sources */,
				2CD6AF0A2FC77A5500406EDF /* Frameworks */,
				2CD6AF0B2FC77A5500406EDF /* Resources */,
				2CD019D82FC862FA00E807FC /* Embed Watch Content */,
			);
			buildRules = (
			);
			dependencies = (
			);
			fileSystemSynchronizedGroups = (
				2CD6AF0F2FC77A5500406EDF /* Snak */,
			);
			name = Snak;
			packageProductDependencies = (
				2CBD22A82FC8847B0051190D /* HotSwiftUI */,
				2CBD22AA2FC8847B0051190D /* InjectionNext */,
			);
			productName = Snak;
			productReference = 2CD6AF0D2FC77A5500406EDF /* Snak.app */;
			productType = "com.apple.product-type.application";
		};
/* End PBXNativeTarget section */

/* Begin PBXProject section */
		2CD6AF052FC77A5500406EDF /* Project object */ = {
			isa = PBXProject;
			attributes = {
				BuildIndependentTargetsInParallel = 1;
				LastSwiftUpdateCheck = 2620;
				LastUpgradeCheck = 2620;
				TargetAttributes = {
					2CD019C92FC862F700E807FC = {
						CreatedOnToolsVersion = 26.2;
					};
					2CD6AF0C2FC77A5500406EDF = {
						CreatedOnToolsVersion = 26.2;
					};
				};
			};
			buildConfigurationList = 2CD6AF082FC77A5500406EDF /* Build configuration list for PBXProject "Snak" */;
			developmentRegion = en;
			hasScannedForEncodings = 0;
			knownRegions = (
				en,
				Base,
				fr,
			);
			mainGroup = 2CD6AF042FC77A5500406EDF;
			minimizedProjectReferenceProxies = 1;
			packageReferences = (
				2C70E4292FC8830D006E9340 /* XCRemoteSwiftPackageReference "HotSwiftUI" */,
				2C70E42A2FC88322006E9340 /* XCRemoteSwiftPackageReference "InjectionNext" */,
			);
			preferredProjectObjectVersion = 77;
			productRefGroup = 2CD6AF0E2FC77A5500406EDF /* Products */;
			projectDirPath = "";
			projectRoot = "";
			targets = (
				2CD6AF0C2FC77A5500406EDF /* Snak */,
				2CD019C92FC862F700E807FC /* SnakWatch */,
			);
		};
/* End PBXProject section */

/* Begin PBXResourcesBuildPhase section */
		2CD019C82FC862F700E807FC /* Resources */ = {
			isa = PBXResourcesBuildPhase;
			buildActionMask = 2147483647;
			files = (
			);
			runOnlyForDeploymentPostprocessing = 0;
		};
		2CD6AF0B2FC77A5500406EDF /* Resources */ = {
			isa = PBXResourcesBuildPhase;
			buildActionMask = 2147483647;
			files = (
			);
			runOnlyForDeploymentPostprocessing = 0;
		};
/* End PBXResourcesBuildPhase section */

/* Begin PBXSourcesBuildPhase section */
		2CD019C62FC862F700E807FC /* Sources */ = {
			isa = PBXSourcesBuildPhase;
			buildActionMask = 2147483647;
			files = (
			);
			runOnlyForDeploymentPostprocessing = 0;
		};
		2CD6AF092FC77A5500406EDF /* Sources */ = {
			isa = PBXSourcesBuildPhase;
			buildActionMask = 2147483647;
			files = (
			);
			runOnlyForDeploymentPostprocessing = 0;
		};
/* End PBXSourcesBuildPhase section */

/* Begin XCBuildConfiguration section */
		2CD019D62FC862FA00E807FC /* Debug */ = {
			isa = XCBuildConfiguration;
			buildSettings = {
				ASSETCATALOG_COMPILER_APPICON_NAME = AppIcon;
				ASSETCATALOG_COMPILER_GLOBAL_ACCENT_COLOR_NAME = AccentColor;
				CODE_SIGN_STYLE = Automatic;
				CURRENT_PROJECT_VERSION = 1;
				DEVELOPMENT_TEAM = G9525GM5HS;
				ENABLE_PREVIEWS = YES;
				GENERATE_INFOPLIST_FILE = YES;
				INFOPLIST_KEY_CFBundleDisplayName = SnakWatch;
				INFOPLIST_KEY_UISupportedInterfaceOrientations = "UIInterfaceOrientationPortrait UIInterfaceOrientationPortraitUpsideDown";
				INFOPLIST_KEY_WKCompanionAppBundleIdentifier = me.0xaa.Snak;
				LD_RUNPATH_SEARCH_PATHS = (
					"$(inherited)",
					"@executable_path/Frameworks",
				);
				MARKETING_VERSION = 1.0;
				OTHER_LDFLAGS = (
					"-Xlinker",
					"-interposable",
				);
				PRODUCT_BUNDLE_IDENTIFIER = me.0xaa.Snak.watchkitapp;
				PRODUCT_NAME = "$(TARGET_NAME)";
				SDKROOT = watchos;
				SKIP_INSTALL = YES;
				STRING_CATALOG_GENERATE_SYMBOLS = YES;
				SWIFT_APPROACHABLE_CONCURRENCY = YES;
				SWIFT_DEFAULT_ACTOR_ISOLATION = MainActor;
				SWIFT_EMIT_LOC_STRINGS = YES;
				SWIFT_UPCOMING_FEATURE_MEMBER_IMPORT_VISIBILITY = YES;
				SWIFT_VERSION = 5.0;
				TARGETED_DEVICE_FAMILY = 4;
				WATCHOS_DEPLOYMENT_TARGET = 26.2;
			};
			name = Debug;
		};
		2CD019D72FC862FA00E807FC /* Release */ = {
			isa = XCBuildConfiguration;
			buildSettings = {
				ASSETCATALOG_COMPILER_APPICON_NAME = AppIcon;
				ASSETCATALOG_COMPILER_GLOBAL_ACCENT_COLOR_NAME = AccentColor;
				CODE_SIGN_STYLE = Automatic;
				CURRENT_PROJECT_VERSION = 1;
				DEVELOPMENT_TEAM = G9525GM5HS;
				ENABLE_PREVIEWS = YES;
				GENERATE_INFOPLIST_FILE = YES;
				INFOPLIST_KEY_CFBundleDisplayName = SnakWatch;
				INFOPLIST_KEY_UISupportedInterfaceOrientations = "UIInterfaceOrientationPortrait UIInterfaceOrientationPortraitUpsideDown";
				INFOPLIST_KEY_WKCompanionAppBundleIdentifier = me.0xaa.Snak;
				LD_RUNPATH_SEARCH_PATHS = (
					"$(inherited)",
					"@executable_path/Frameworks",
				);
				MARKETING_VERSION = 1.0;
				OTHER_LDFLAGS = (
					"-Xlinker",
					"-interposable",
				);
				PRODUCT_BUNDLE_IDENTIFIER = me.0xaa.Snak.watchkitapp;
				PRODUCT_NAME = "$(TARGET_NAME)";
				SDKROOT = watchos;
				SKIP_INSTALL = YES;
				STRING_CATALOG_GENERATE_SYMBOLS = YES;
				SWIFT_APPROACHABLE_CONCURRENCY = YES;
				SWIFT_DEFAULT_ACTOR_ISOLATION = MainActor;
				SWIFT_EMIT_LOC_STRINGS = YES;
				SWIFT_UPCOMING_FEATURE_MEMBER_IMPORT_VISIBILITY = YES;
				SWIFT_VERSION = 5.0;
				TARGETED_DEVICE_FAMILY = 4;
				WATCHOS_DEPLOYMENT_TARGET = 26.2;
			};
			name = Release;
		};
		2CD6AF162FC77A5800406EDF /* Debug */ = {
			isa = XCBuildConfiguration;
			buildSettings = {
				ALWAYS_SEARCH_USER_PATHS = NO;
				ASSETCATALOG_COMPILER_GENERATE_SWIFT_ASSET_SYMBOL_EXTENSIONS = YES;
				CLANG_ANALYZER_NONNULL = YES;
				CLANG_ANALYZER_NUMBER_OBJECT_CONVERSION = YES_AGGRESSIVE;
				CLANG_CXX_LANGUAGE_STANDARD = "gnu++20";
				CLANG_ENABLE_MODULES = YES;
				CLANG_ENABLE_OBJC_ARC = YES;
				CLANG_ENABLE_OBJC_WEAK = YES;
				CLANG_WARN_BLOCK_CAPTURE_AUTORELEASING = YES;
				CLANG_WARN_BOOL_CONVERSION = YES;
				CLANG_WARN_COMMA = YES;
				CLANG_WARN_CONSTANT_CONVERSION = YES;
				CLANG_WARN_DEPRECATED_OBJC_IMPLEMENTATIONS = YES;
				CLANG_WARN_DIRECT_OBJC_ISA_USAGE = YES_ERROR;
				CLANG_WARN_DOCUMENTATION_COMMENTS = YES;
				CLANG_WARN_EMPTY_BODY = YES;
				CLANG_WARN_ENUM_CONVERSION = YES;
				CLANG_WARN_INFINITE_RECURSION = YES;
				CLANG_WARN_INT_CONVERSION = YES;
				CLANG_WARN_NON_LITERAL_NULL_CONVERSION = YES;
				CLANG_WARN_OBJC_IMPLICIT_RETAIN_SELF = YES;
				CLANG_WARN_OBJC_LITERAL_CONVERSION = YES;
				CLANG_WARN_OBJC_ROOT_CLASS = YES_ERROR;
				CLANG_WARN_QUOTED_INCLUDE_IN_FRAMEWORK_HEADER = YES;
				CLANG_WARN_RANGE_LOOP_ANALYSIS = YES;
				CLANG_WARN_STRICT_PROTOTYPES = YES;
				CLANG_WARN_SUSPICIOUS_MOVE = YES;
				CLANG_WARN_UNGUARDED_AVAILABILITY = YES_AGGRESSIVE;
				CLANG_WARN_UNREACHABLE_CODE = YES;
				CLANG_WARN__DUPLICATE_METHOD_MATCH = YES;
				COPY_PHASE_STRIP = NO;
				DEBUG_INFORMATION_FORMAT = dwarf;
				DEVELOPMENT_TEAM = G9525GM5HS;
				ENABLE_STRICT_OBJC_MSGSEND = YES;
				ENABLE_TESTABILITY = YES;
				ENABLE_USER_SCRIPT_SANDBOXING = YES;
				GCC_C_LANGUAGE_STANDARD = gnu17;
				GCC_DYNAMIC_NO_PIC = NO;
				GCC_NO_COMMON_BLOCKS = YES;
				GCC_OPTIMIZATION_LEVEL = 0;
				GCC_PREPROCESSOR_DEFINITIONS = (
					"DEBUG=1",
					"$(inherited)",
				);
				GCC_WARN_64_TO_32_BIT_CONVERSION = YES;
				GCC_WARN_ABOUT_RETURN_TYPE = YES_ERROR;
				GCC_WARN_UNDECLARED_SELECTOR = YES;
				GCC_WARN_UNINITIALIZED_AUTOS = YES_AGGRESSIVE;
				GCC_WARN_UNUSED_FUNCTION = YES;
				GCC_WARN_UNUSED_VARIABLE = YES;
				IPHONEOS_DEPLOYMENT_TARGET = 26.2;
				LOCALIZATION_PREFERS_STRING_CATALOGS = YES;
				MTL_ENABLE_DEBUG_INFO = INCLUDE_SOURCE;
				MTL_FAST_MATH = YES;
				ONLY_ACTIVE_ARCH = YES;
				SDKROOT = iphoneos;
				SWIFT_ACTIVE_COMPILATION_CONDITIONS = "DEBUG $(inherited)";
				SWIFT_EMIT_LOC_STRINGS = YES;
				SWIFT_OPTIMIZATION_LEVEL = "-Onone";
			};
			name = Debug;
		};
		2CD6AF172FC77A5800406EDF /* Release */ = {
			isa = XCBuildConfiguration;
			buildSettings = {
				ALWAYS_SEARCH_USER_PATHS = NO;
				ASSETCATALOG_COMPILER_GENERATE_SWIFT_ASSET_SYMBOL_EXTENSIONS = YES;
				CLANG_ANALYZER_NONNULL = YES;
				CLANG_ANALYZER_NUMBER_OBJECT_CONVERSION = YES_AGGRESSIVE;
				CLANG_CXX_LANGUAGE_STANDARD = "gnu++20";
				CLANG_ENABLE_MODULES = YES;
				CLANG_ENABLE_OBJC_ARC = YES;
				CLANG_ENABLE_OBJC_WEAK = YES;
				CLANG_WARN_BLOCK_CAPTURE_AUTORELEASING = YES;
				CLANG_WARN_BOOL_CONVERSION = YES;
				CLANG_WARN_COMMA = YES;
				CLANG_WARN_CONSTANT_CONVERSION = YES;
				CLANG_WARN_DEPRECATED_OBJC_IMPLEMENTATIONS = YES;
				CLANG_WARN_DIRECT_OBJC_ISA_USAGE = YES_ERROR;
				CLANG_WARN_DOCUMENTATION_COMMENTS = YES;
				CLANG_WARN_EMPTY_BODY = YES;
				CLANG_WARN_ENUM_CONVERSION = YES;
				CLANG_WARN_INFINITE_RECURSION = YES;
				CLANG_WARN_INT_CONVERSION = YES;
				CLANG_WARN_NON_LITERAL_NULL_CONVERSION = YES;
				CLANG_WARN_OBJC_IMPLICIT_RETAIN_SELF = YES;
				CLANG_WARN_OBJC_LITERAL_CONVERSION = YES;
				CLANG_WARN_OBJC_ROOT_CLASS = YES_ERROR;
				CLANG_WARN_QUOTED_INCLUDE_IN_FRAMEWORK_HEADER = YES;
				CLANG_WARN_RANGE_LOOP_ANALYSIS = YES;
				CLANG_WARN_STRICT_PROTOTYPES = YES;
				CLANG_WARN_SUSPICIOUS_MOVE = YES;
				CLANG_WARN_UNGUARDED_AVAILABILITY = YES_AGGRESSIVE;
				CLANG_WARN_UNREACHABLE_CODE = YES;
				CLANG_WARN__DUPLICATE_METHOD_MATCH = YES;
				COPY_PHASE_STRIP = NO;
				DEBUG_INFORMATION_FORMAT = "dwarf-with-dsym";
				DEVELOPMENT_TEAM = G9525GM5HS;
				ENABLE_NS_ASSERTIONS = NO;
				ENABLE_STRICT_OBJC_MSGSEND = YES;
				ENABLE_USER_SCRIPT_SANDBOXING = YES;
				GCC_C_LANGUAGE_STANDARD = gnu17;
				GCC_NO_COMMON_BLOCKS = YES;
				GCC_WARN_64_TO_32_BIT_CONVERSION = YES;
				GCC_WARN_ABOUT_RETURN_TYPE = YES_ERROR;
				GCC_WARN_UNDECLARED_SELECTOR = YES;
				GCC_WARN_UNINITIALIZED_AUTOS = YES_AGGRESSIVE;
				GCC_WARN_UNUSED_FUNCTION = YES;
				GCC_WARN_UNUSED_VARIABLE = YES;
				IPHONEOS_DEPLOYMENT_TARGET = 26.2;
				LOCALIZATION_PREFERS_STRING_CATALOGS = YES;
				MTL_ENABLE_DEBUG_INFO = NO;
				MTL_FAST_MATH = YES;
				SDKROOT = iphoneos;
				SWIFT_COMPILATION_MODE = wholemodule;
				SWIFT_EMIT_LOC_STRINGS = YES;
				VALIDATE_PRODUCT = YES;
			};
			name = Release;
		};
		2CD6AF192FC77A5800406EDF /* Debug */ = {
			isa = XCBuildConfiguration;
			buildSettings = {
				ASSETCATALOG_COMPILER_APPICON_NAME = AppIcon;
				ASSETCATALOG_COMPILER_GLOBAL_ACCENT_COLOR_NAME = AccentColor;
				CODE_SIGN_IDENTITY = "Apple Development";
				CODE_SIGN_STYLE = Automatic;
				CURRENT_PROJECT_VERSION = 1;
				DEVELOPMENT_TEAM = "";
				EMBED_ASSET_PACKS_IN_PRODUCT_BUNDLE = NO;
				ENABLE_PREVIEWS = YES;
				GENERATE_INFOPLIST_FILE = YES;
				INFOPLIST_KEY_LSApplicationCategoryType = "public.app-category.reference";
				INFOPLIST_KEY_UIApplicationSceneManifest_Generation = YES;
				INFOPLIST_KEY_UIApplicationSupportsIndirectInputEvents = YES;
				INFOPLIST_KEY_UILaunchScreen_Generation = YES;
				INFOPLIST_KEY_UISupportedInterfaceOrientations_iPad = "UIInterfaceOrientationPortrait UIInterfaceOrientationPortraitUpsideDown UIInterfaceOrientationLandscapeLeft UIInterfaceOrientationLandscapeRight";
				INFOPLIST_KEY_UISupportedInterfaceOrientations_iPhone = "UIInterfaceOrientationPortrait UIInterfaceOrientationLandscapeLeft UIInterfaceOrientationLandscapeRight";
				LD_RUNPATH_SEARCH_PATHS = (
					"$(inherited)",
					"@executable_path/Frameworks",
				);
				MARKETING_VERSION = 1.0;
				OTHER_LDFLAGS = (
					"-Xlinker",
					"-interposable",
				);
				PRODUCT_BUNDLE_IDENTIFIER = me.0xaa.Snak;
				PRODUCT_NAME = "$(TARGET_NAME)";
				PROVISIONING_PROFILE_SPECIFIER = "";
				STRING_CATALOG_GENERATE_SYMBOLS = YES;
				SWIFT_APPROACHABLE_CONCURRENCY = YES;
				SWIFT_DEFAULT_ACTOR_ISOLATION = MainActor;
				SWIFT_EMIT_LOC_STRINGS = YES;
				SWIFT_UPCOMING_FEATURE_MEMBER_IMPORT_VISIBILITY = YES;
				SWIFT_VERSION = 5.0;
				TARGETED_DEVICE_FAMILY = "1,2";
			};
			name = Debug;
		};
		2CD6AF1A2FC77A5800406EDF /* Release */ = {
			isa = XCBuildConfiguration;
			buildSettings = {
				ASSETCATALOG_COMPILER_APPICON_NAME = AppIcon;
				ASSETCATALOG_COMPILER_GLOBAL_ACCENT_COLOR_NAME = AccentColor;
				CODE_SIGN_IDENTITY = "Apple Development";
				CODE_SIGN_STYLE = Automatic;
				CURRENT_PROJECT_VERSION = 1;
				DEVELOPMENT_TEAM = "";
				EMBED_ASSET_PACKS_IN_PRODUCT_BUNDLE = NO;
				ENABLE_PREVIEWS = YES;
				GENERATE_INFOPLIST_FILE = YES;
				INFOPLIST_KEY_LSApplicationCategoryType = "public.app-category.reference";
				INFOPLIST_KEY_UIApplicationSceneManifest_Generation = YES;
				INFOPLIST_KEY_UIApplicationSupportsIndirectInputEvents = YES;
				INFOPLIST_KEY_UILaunchScreen_Generation = YES;
				INFOPLIST_KEY_UISupportedInterfaceOrientations_iPad = "UIInterfaceOrientationPortrait UIInterfaceOrientationPortraitUpsideDown UIInterfaceOrientationLandscapeLeft UIInterfaceOrientationLandscapeRight";
				INFOPLIST_KEY_UISupportedInterfaceOrientations_iPhone = "UIInterfaceOrientationPortrait UIInterfaceOrientationLandscapeLeft UIInterfaceOrientationLandscapeRight";
				LD_RUNPATH_SEARCH_PATHS = (
					"$(inherited)",
					"@executable_path/Frameworks",
				);
				MARKETING_VERSION = 1.0;
				OTHER_LDFLAGS = (
					"-Xlinker",
					"-interposable",
				);
				PRODUCT_BUNDLE_IDENTIFIER = me.0xaa.Snak;
				PRODUCT_NAME = "$(TARGET_NAME)";
				PROVISIONING_PROFILE_SPECIFIER = "";
				STRING_CATALOG_GENERATE_SYMBOLS = YES;
				SWIFT_APPROACHABLE_CONCURRENCY = YES;
				SWIFT_DEFAULT_ACTOR_ISOLATION = MainActor;
				SWIFT_EMIT_LOC_STRINGS = YES;
				SWIFT_UPCOMING_FEATURE_MEMBER_IMPORT_VISIBILITY = YES;
				SWIFT_VERSION = 5.0;
				TARGETED_DEVICE_FAMILY = "1,2";
			};
			name = Release;
		};
/* End XCBuildConfiguration section */

/* Begin XCConfigurationList section */
		2CD019D52FC862FA00E807FC /* Build configuration list for PBXNativeTarget "SnakWatch" */ = {
			isa = XCConfigurationList;
			buildConfigurations = (
				2CD019D62FC862FA00E807FC /* Debug */,
				2CD019D72FC862FA00E807FC /* Release */,
			);
			defaultConfigurationIsVisible = 0;
			defaultConfigurationName = Release;
		};
		2CD6AF082FC77A5500406EDF /* Build configuration list for PBXProject "Snak" */ = {
			isa = XCConfigurationList;
			buildConfigurations = (
				2CD6AF162FC77A5800406EDF /* Debug */,
				2CD6AF172FC77A5800406EDF /* Release */,
			);
			defaultConfigurationIsVisible = 0;
			defaultConfigurationName = Release;
		};
		2CD6AF182FC77A5800406EDF /* Build configuration list for PBXNativeTarget "Snak" */ = {
			isa = XCConfigurationList;
			buildConfigurations = (
				2CD6AF192FC77A5800406EDF /* Debug */,
				2CD6AF1A2FC77A5800406EDF /* Release */,
			);
			defaultConfigurationIsVisible = 0;
			defaultConfigurationName = Release;
		};
/* End XCConfigurationList section */

/* Begin XCRemoteSwiftPackageReference section */
		2C70E4292FC8830D006E9340 /* XCRemoteSwiftPackageReference "HotSwiftUI" */ = {
			isa = XCRemoteSwiftPackageReference;
			repositoryURL = "https://github.com/johnno1962/HotSwiftUI";
			requirement = {
				kind = upToNextMajorVersion;
				minimumVersion = 1.2.5;
			};
		};
		2C70E42A2FC88322006E9340 /* XCRemoteSwiftPackageReference "InjectionNext" */ = {
			isa = XCRemoteSwiftPackageReference;
			repositoryURL = "https://github.com/johnno1962/InjectionNext";
			requirement = {
				kind = upToNextMajorVersion;
				minimumVersion = 2.0.0;
			};
		};
/* End XCRemoteSwiftPackageReference section */

/* Begin XCSwiftPackageProductDependency section */
		2CBD22A82FC8847B0051190D /* HotSwiftUI */ = {
			isa = XCSwiftPackageProductDependency;
			package = 2C70E4292FC8830D006E9340 /* XCRemoteSwiftPackageReference "HotSwiftUI" */;
			productName = HotSwiftUI;
		};
		2CBD22AA2FC8847B0051190D /* InjectionNext */ = {
			isa = XCSwiftPackageProductDependency;
			package = 2C70E42A2FC88322006E9340 /* XCRemoteSwiftPackageReference "InjectionNext" */;
			productName = InjectionNext;
		};
		2CBD22AC2FC8973F0051190D /* HotSwiftUI */ = {
			isa = XCSwiftPackageProductDependency;
			package = 2C70E4292FC8830D006E9340 /* XCRemoteSwiftPackageReference "HotSwiftUI" */;
			productName = HotSwiftUI;
		};
		2CBD22AE2FC8973F0051190D /* InjectionNext */ = {
			isa = XCSwiftPackageProductDependency;
			package = 2C70E42A2FC88322006E9340 /* XCRemoteSwiftPackageReference "InjectionNext" */;
			productName = InjectionNext;
		};
/* End XCSwiftPackageProductDependency section */
	};
	rootObject = 2CD6AF052FC77A5500406EDF /* Project object */;
}
